# THIS IS AN AUTOGENERATED FILE. DO NOT EDIT THIS FILE DIRECTLY.
# yarn lockfile v1


"@cloudflare/workers-types@^2.0.0":
  version "2.0.0"
  resolved "https://registry.yarnpkg.com/@cloudflare/workers-types/-/workers-types-2.0.0.tgz#c57162155bd83744a0fa83276ffec0ad430f14e4"
  integrity sha512-SFUPQzR5aV2TBLP4Re+xNX5KfAGArcRGA44OLulBDnfblEf3J+6kFvdJAQwFhFpqru3wImwT1cX0wahk6EeWTw==

"@types/mime@^2.0.2":
  version "2.0.3"
  resolved "https://registry.yarnpkg.com/@types/mime/-/mime-2.0.3.tgz#c893b73721db73699943bfc3653b1deb7faa4a3a"
  integrity sha512-Jus9s4CDbqwocc5pOAnh8ShfrnMcPHuJYzVcSUU7lrh8Ni5HuIqX3oilL86p3dlTrk0LzHRCgA/GQ7uNCw6l2Q==

"@xiaolanglanglang/kv-asset-handler@^0.0.11":
  version "0.0.11"
  resolved "https://registry.yarnpkg.com/@xiaolanglanglang/kv-asset-handler/-/kv-asset-handler-0.0.11.tgz#dda3001d347d59a7795ebc77322ccf5c7e0472a9"
  integrity sha512-XYG9mwpluYdOM0/CF+JfOiEa9nDDknrM/xGgP3sfus/a/9wQ3yzgD8Rg+3YoxeCkV+m29dAfuwREQcNjWgCtvQ==
  dependencies:
    "@cloudflare/workers-types" "^2.0.0"
    "@types/mime" "^2.0.2"
    mime "^2.4.6"

mime@^2.4.6:
  version "2.4.6"
  resolved "https://registry.yarnpkg.com/mime/-/mime-2.4.6.tgz#e5b407c90db442f2beb5b162373d07b69affa4d1"
  integrity sha512-RZKhC3EmpBchfTGBVb8fb+RL2cWyw/32lshnsETttkBAyAUXSGHxbEJWWRXc751DrIxG1q04b8QwMbAwkRPpUA==
